// !$*UTF8*$!
{
	archiveVersion = 1;
	classes = {
	};
	objectVersion = 50;
	objects = {

/* Begin PBXBuildFile section */
		9F16378F211C9BF30035A1AD /* AppsListPresenter.swift in Sources */ = {isa = PBXBuildFile; fileRef = 9F16378E211C9BF30035A1AD /* AppsListPresenter.swift */; };
		9F163791211CA0790035A1AD /* AppInfoResponse.swift in Sources */ = {isa = PBXBuildFile; fileRef = 9F163790211CA0790035A1AD /* AppInfoResponse.swift */; };
		9F2E6F0221136C6400441C1B /* AppDelegate.swift in Sources */ = {isa = PBXBuildFile; fileRef = 9F2E6F0121136C6400441C1B /* AppDelegate.swift */; };
		9F2E6F0421136C6400441C1B /* ListVC.swift in Sources */ = {isa = PBXBuildFile; fileRef = 9F2E6F0321136C6400441C1B /* ListVC.swift */; };
		9F2E6F0921136C6400441C1B /* Main.storyboard in Resources */ = {isa = PBXBuildFile; fileRef = 9F2E6F0721136C6400441C1B /* Main.storyboard */; };
		9F2E6F0B21136C6600441C1B /* Assets.xcassets in Resources */ = {isa = PBXBuildFile; fileRef = 9F2E6F0A21136C6600441C1B /* Assets.xcassets */; };
		9F2E6F0E21136C6600441C1B /* LaunchScreen.storyboard in Resources */ = {isa = PBXBuildFile; fileRef = 9F2E6F0C21136C6600441C1B /* LaunchScreen.storyboard */; };
		9F2E6F2421136C6600441C1B /* WishlistUITests.swift in Sources */ = {isa = PBXBuildFile; fileRef = 9F2E6F2321136C6600441C1B /* WishlistUITests.swift */; };
		9F2E6F3421136D9800441C1B /* ListCell.swift in Sources */ = {isa = PBXBuildFile; fileRef = 9F2E6F3221136D9800441C1B /* ListCell.swift */; };
		9F2E6F3521136D9800441C1B /* ListCell.xib in Resources */ = {isa = PBXBuildFile; fileRef = 9F2E6F3321136D9800441C1B /* ListCell.xib */; };
		9F2E704B211C838600441C1B /* AppInfoLoader.swift in Sources */ = {isa = PBXBuildFile; fileRef = 9F2E704A211C838600441C1B /* AppInfoLoader.swift */; };
		9F2E704D211C904400441C1B /* AppsKeeper.swift in Sources */ = {isa = PBXBuildFile; fileRef = 9F2E704C211C904400441C1B /* AppsKeeper.swift */; };
		9F2E704F211C911F00441C1B /* AppInfo.swift in Sources */ = {isa = PBXBuildFile; fileRef = 9F2E704E211C911F00441C1B /* AppInfo.swift */; };
		9F2E7051211C971200441C1B /* AppListItem.swift in Sources */ = {isa = PBXBuildFile; fileRef = 9F2E7050211C971200441C1B /* AppListItem.swift */; };
		9F5CE12E2137230500F9B340 /* GradientView.swift in Sources */ = {isa = PBXBuildFile; fileRef = 9F5CE12D2137230500F9B340 /* GradientView.swift */; };
		9F5F6697213450FF00755F6A /* PasteboardHandler.swift in Sources */ = {isa = PBXBuildFile; fileRef = 9F5F6696213450FF00755F6A /* PasteboardHandler.swift */; };
		9F7EDA10211DE26100FFB014 /* AppDetailsVC.swift in Sources */ = {isa = PBXBuildFile; fileRef = 9F7EDA0E211DE26100FFB014 /* AppDetailsVC.swift */; };
		9F7EDA11211DE26100FFB014 /* AppDetailsVC.xib in Resources */ = {isa = PBXBuildFile; fileRef = 9F7EDA0F211DE26100FFB014 /* AppDetailsVC.xib */; };
		9F7EDA13211DEAEB00FFB014 /* Images.xcassets in Resources */ = {isa = PBXBuildFile; fileRef = 9F7EDA12211DEAEB00FFB014 /* Images.xcassets */; };
		9F7EDA3D2121DD5B00FFB014 /* ShareViewController.swift in Sources */ = {isa = PBXBuildFile; fileRef = 9F7EDA3C2121DD5B00FFB014 /* ShareViewController.swift */; };
		9F7EDA402121DD5B00FFB014 /* MainInterface.storyboard in Resources */ = {isa = PBXBuildFile; fileRef = 9F7EDA3E2121DD5B00FFB014 /* MainInterface.storyboard */; };
		9F7EDA442121DD5B00FFB014 /* WishlistShare.appex in Embed App Extensions */ = {isa = PBXBuildFile; fileRef = 9F7EDA3A2121DD5B00FFB014 /* WishlistShare.appex */; settings = {ATTRIBUTES = (RemoveHeadersOnCopy, ); }; };
		9F7EDA4B2121E81500FFB014 /* AppsKeeper.swift in Sources */ = {isa = PBXBuildFile; fileRef = 9F2E704C211C904400441C1B /* AppsKeeper.swift */; };
		9F7EDA4E2121EF2600FFB014 /* AppIdExtractor.swift in Sources */ = {isa = PBXBuildFile; fileRef = 9F7EDA4D2121EF2600FFB014 /* AppIdExtractor.swift */; };
		9F7EDA4F2121EF2600FFB014 /* AppIdExtractor.swift in Sources */ = {isa = PBXBuildFile; fileRef = 9F7EDA4D2121EF2600FFB014 /* AppIdExtractor.swift */; };
		9F7EDA512121F10600FFB014 /* AppIdExtractorTests.swift in Sources */ = {isa = PBXBuildFile; fileRef = 9F7EDA502121F10600FFB014 /* AppIdExtractorTests.swift */; };
		9FB81B7B215FAAEF00E9DD1B /* StarsView.swift in Sources */ = {isa = PBXBuildFile; fileRef = 9FB81B7A215FAAEF00E9DD1B /* StarsView.swift */; };
		9FF60FFC2128A1300012BF53 /* CollectionSwipableCellExtension.swift in Sources */ = {isa = PBXBuildFile; fileRef = 9FF60FF22128A1300012BF53 /* CollectionSwipableCellExtension.swift */; };
		9FF60FFD2128A1300012BF53 /* UITableViewCell+CollectionSwipableCellExtension.swift in Sources */ = {isa = PBXBuildFile; fileRef = 9FF60FF32128A1300012BF53 /* UITableViewCell+CollectionSwipableCellExtension.swift */; };
		9FF60FFE2128A1300012BF53 /* UICollectionViewCell+CollectionSwipableCellExtension.swift in Sources */ = {isa = PBXBuildFile; fileRef = 9FF60FF42128A1300012BF53 /* UICollectionViewCell+CollectionSwipableCellExtension.swift */; };
		9FF60FFF2128A1300012BF53 /* CollectionSwipableCellOneButtonLayout.swift in Sources */ = {isa = PBXBuildFile; fileRef = 9FF60FF52128A1300012BF53 /* CollectionSwipableCellOneButtonLayout.swift */; };
		9FF610002128A1300012BF53 /* SwipableCollection.swift in Sources */ = {isa = PBXBuildFile; fileRef = 9FF60FF72128A1300012BF53 /* SwipableCollection.swift */; };
		9FF610012128A1300012BF53 /* SwipableUITableView.swift in Sources */ = {isa = PBXBuildFile; fileRef = 9FF60FF82128A1300012BF53 /* SwipableUITableView.swift */; };
		9FF610022128A1300012BF53 /* SwipableCellLayouter.swift in Sources */ = {isa = PBXBuildFile; fileRef = 9FF60FF92128A1300012BF53 /* SwipableCellLayouter.swift */; };
		9FF610032128A1300012BF53 /* SwipableUICollectionView.swift in Sources */ = {isa = PBXBuildFile; fileRef = 9FF60FFA2128A1300012BF53 /* SwipableUICollectionView.swift */; };
		9FF610042128A1300012BF53 /* CollectionSwipableCellHandler.swift in Sources */ = {isa = PBXBuildFile; fileRef = 9FF60FFB2128A1300012BF53 /* CollectionSwipableCellHandler.swift */; };
		BE04A0B56455D80C54F05F7E /* Pods_Wishlist.framework in Frameworks */ = {isa = PBXBuildFile; fileRef = D167DF153ED084467829D149 /* Pods_Wishlist.framework */; };
/* End PBXBuildFile section */

/* Begin PBXContainerItemProxy section */
		9F2E6F1521136C6600441C1B /* PBXContainerItemProxy */ = {
			isa = PBXContainerItemProxy;
			containerPortal = 9F2E6EF621136C6400441C1B /* Project object */;
			proxyType = 1;
			remoteGlobalIDString = 9F2E6EFD21136C6400441C1B;
			remoteInfo = Wishlist;
		};
		9F2E6F2021136C6600441C1B /* PBXContainerItemProxy */ = {
			isa = PBXContainerItemProxy;
			containerPortal = 9F2E6EF621136C6400441C1B /* Project object */;
			proxyType = 1;
			remoteGlobalIDString = 9F2E6EFD21136C6400441C1B;
			remoteInfo = Wishlist;
		};
		9F7EDA422121DD5B00FFB014 /* PBXContainerItemProxy */ = {
			isa = PBXContainerItemProxy;
			containerPortal = 9F2E6EF621136C6400441C1B /* Project object */;
			proxyType = 1;
			remoteGlobalIDString = 9F7EDA392121DD5B00FFB014;
			remoteInfo = WishlistShare;
		};
/* End PBXContainerItemProxy section */

/* Begin PBXCopyFilesBuildPhase section */
		9F7EDA482121DD5B00FFB014 /* Embed App Extensions */ = {
			isa = PBXCopyFilesBuildPhase;
			buildActionMask = 2147483647;
			dstPath = "";
			dstSubfolderSpec = 13;
			files = (
				9F7EDA442121DD5B00FFB014 /* WishlistShare.appex in Embed App Extensions */,
			);
			name = "Embed App Extensions";
			runOnlyForDeploymentPostprocessing = 0;
		};
/* End PBXCopyFilesBuildPhase section */

/* Begin PBXFileReference section */
		058CB69EBCA240D763F1CE51 /* Pods-Wishlist.release.xcconfig */ = {isa = PBXFileReference; includeInIndex = 1; lastKnownFileType = text.xcconfig; name = "Pods-Wishlist.release.xcconfig"; path = "Pods/Target Support Files/Pods-Wishlist/Pods-Wishlist.release.xcconfig"; sourceTree = "<group>"; };
		73E68C71A127DEEA5C8DD170 /* Pods-Wishlist.debug.xcconfig */ = {isa = PBXFileReference; includeInIndex = 1; lastKnownFileType = text.xcconfig; name = "Pods-Wishlist.debug.xcconfig"; path = "Pods/Target Support Files/Pods-Wishlist/Pods-Wishlist.debug.xcconfig"; sourceTree = "<group>"; };
		9F16378E211C9BF30035A1AD /* AppsListPresenter.swift */ = {isa = PBXFileReference; lastKnownFileType = sourcecode.swift; path = AppsListPresenter.swift; sourceTree = "<group>"; };
		9F163790211CA0790035A1AD /* AppInfoResponse.swift */ = {isa = PBXFileReference; lastKnownFileType = sourcecode.swift; path = AppInfoResponse.swift; sourceTree = "<group>"; };
		9F2E6EFE21136C6400441C1B /* Wishlist.app */ = {isa = PBXFileReference; explicitFileType = wrapper.application; includeInIndex = 0; path = Wishlist.app; sourceTree = BUILT_PRODUCTS_DIR; };
		9F2E6F0121136C6400441C1B /* AppDelegate.swift */ = {isa = PBXFileReference; lastKnownFileType = sourcecode.swift; path = AppDelegate.swift; sourceTree = "<group>"; };
		9F2E6F0321136C6400441C1B /* ListVC.swift */ = {isa = PBXFileReference; lastKnownFileType = sourcecode.swift; path = ListVC.swift; sourceTree = "<group>"; };
		9F2E6F0821136C6400441C1B /* Base */ = {isa = PBXFileReference; lastKnownFileType = file.storyboard; name = Base; path = Base.lproj/Main.storyboard; sourceTree = "<group>"; };
		9F2E6F0A21136C6600441C1B /* Assets.xcassets */ = {isa = PBXFileReference; lastKnownFileType = folder.assetcatalog; path = Assets.xcassets; sourceTree = "<group>"; };
		9F2E6F0D21136C6600441C1B /* Base */ = {isa = PBXFileReference; lastKnownFileType = file.storyboard; name = Base; path = Base.lproj/LaunchScreen.storyboard; sourceTree = "<group>"; };
		9F2E6F0F21136C6600441C1B /* Info.plist */ = {isa = PBXFileReference; lastKnownFileType = text.plist.xml; path = Info.plist; sourceTree = "<group>"; };
		9F2E6F1421136C6600441C1B /* WishlistTests.xctest */ = {isa = PBXFileReference; explicitFileType = wrapper.cfbundle; includeInIndex = 0; path = WishlistTests.xctest; sourceTree = BUILT_PRODUCTS_DIR; };
		9F2E6F1A21136C6600441C1B /* Info.plist */ = {isa = PBXFileReference; lastKnownFileType = text.plist.xml; path = Info.plist; sourceTree = "<group>"; };
		9F2E6F1F21136C6600441C1B /* WishlistUITests.xctest */ = {isa = PBXFileReference; explicitFileType = wrapper.cfbundle; includeInIndex = 0; path = WishlistUITests.xctest; sourceTree = BUILT_PRODUCTS_DIR; };
		9F2E6F2321136C6600441C1B /* WishlistUITests.swift */ = {isa = PBXFileReference; lastKnownFileType = sourcecode.swift; path = WishlistUITests.swift; sourceTree = "<group>"; };
		9F2E6F2521136C6600441C1B /* Info.plist */ = {isa = PBXFileReference; lastKnownFileType = text.plist.xml; path = Info.plist; sourceTree = "<group>"; };
		9F2E6F3221136D9800441C1B /* ListCell.swift */ = {isa = PBXFileReference; lastKnownFileType = sourcecode.swift; path = ListCell.swift; sourceTree = "<group>"; };
		9F2E6F3321136D9800441C1B /* ListCell.xib */ = {isa = PBXFileReference; lastKnownFileType = file.xib; path = ListCell.xib; sourceTree = "<group>"; };
		9F2E704A211C838600441C1B /* AppInfoLoader.swift */ = {isa = PBXFileReference; lastKnownFileType = sourcecode.swift; path = AppInfoLoader.swift; sourceTree = "<group>"; };
		9F2E704C211C904400441C1B /* AppsKeeper.swift */ = {isa = PBXFileReference; lastKnownFileType = sourcecode.swift; path = AppsKeeper.swift; sourceTree = "<group>"; };
		9F2E704E211C911F00441C1B /* AppInfo.swift */ = {isa = PBXFileReference; lastKnownFileType = sourcecode.swift; path = AppInfo.swift; sourceTree = "<group>"; };
		9F2E7050211C971200441C1B /* AppListItem.swift */ = {isa = PBXFileReference; lastKnownFileType = sourcecode.swift; path = AppListItem.swift; sourceTree = "<group>"; };
		9F5CE12D2137230500F9B340 /* GradientView.swift */ = {isa = PBXFileReference; lastKnownFileType = sourcecode.swift; path = GradientView.swift; sourceTree = "<group>"; };
		9F5F6696213450FF00755F6A /* PasteboardHandler.swift */ = {isa = PBXFileReference; lastKnownFileType = sourcecode.swift; path = PasteboardHandler.swift; sourceTree = "<group>"; };
		9F7EDA0E211DE26100FFB014 /* AppDetailsVC.swift */ = {isa = PBXFileReference; lastKnownFileType = sourcecode.swift; path = AppDetailsVC.swift; sourceTree = "<group>"; };
		9F7EDA0F211DE26100FFB014 /* AppDetailsVC.xib */ = {isa = PBXFileReference; lastKnownFileType = file.xib; path = AppDetailsVC.xib; sourceTree = "<group>"; };
		9F7EDA12211DEAEB00FFB014 /* Images.xcassets */ = {isa = PBXFileReference; lastKnownFileType = folder.assetcatalog; path = Images.xcassets; sourceTree = "<group>"; };
		9F7EDA3A2121DD5B00FFB014 /* WishlistShare.appex */ = {isa = PBXFileReference; explicitFileType = "wrapper.app-extension"; includeInIndex = 0; path = WishlistShare.appex; sourceTree = BUILT_PRODUCTS_DIR; };
		9F7EDA3C2121DD5B00FFB014 /* ShareViewController.swift */ = {isa = PBXFileReference; lastKnownFileType = sourcecode.swift; path = ShareViewController.swift; sourceTree = "<group>"; };
		9F7EDA3F2121DD5B00FFB014 /* Base */ = {isa = PBXFileReference; lastKnownFileType = file.storyboard; name = Base; path = Base.lproj/MainInterface.storyboard; sourceTree = "<group>"; };
		9F7EDA412121DD5B00FFB014 /* Info.plist */ = {isa = PBXFileReference; lastKnownFileType = text.plist.xml; path = Info.plist; sourceTree = "<group>"; };
		9F7EDA492121DD8A00FFB014 /* WishlistShare.entitlements */ = {isa = PBXFileReference; lastKnownFileType = text.plist.entitlements; path = WishlistShare.entitlements; sourceTree = "<group>"; };
		9F7EDA4A2121DDB900FFB014 /* Wishlist.entitlements */ = {isa = PBXFileReference; lastKnownFileType = text.plist.entitlements; path = Wishlist.entitlements; sourceTree = "<group>"; };
		9F7EDA4D2121EF2600FFB014 /* AppIdExtractor.swift */ = {isa = PBXFileReference; lastKnownFileType = sourcecode.swift; path = AppIdExtractor.swift; sourceTree = "<group>"; };
		9F7EDA502121F10600FFB014 /* AppIdExtractorTests.swift */ = {isa = PBXFileReference; lastKnownFileType = sourcecode.swift; path = AppIdExtractorTests.swift; sourceTree = "<group>"; };
		9FB81B7A215FAAEF00E9DD1B /* StarsView.swift */ = {isa = PBXFileReference; lastKnownFileType = sourcecode.swift; path = StarsView.swift; sourceTree = "<group>"; };
		9FF60FF22128A1300012BF53 /* CollectionSwipableCellExtension.swift */ = {isa = PBXFileReference; fileEncoding = 4; lastKnownFileType = sourcecode.swift; path = CollectionSwipableCellExtension.swift; sourceTree = "<group>"; };
		9FF60FF32128A1300012BF53 /* UITableViewCell+CollectionSwipableCellExtension.swift */ = {isa = PBXFileReference; fileEncoding = 4; lastKnownFileType = sourcecode.swift; path = "UITableViewCell+CollectionSwipableCellExtension.swift"; sourceTree = "<group>"; };
		9FF60FF42128A1300012BF53 /* UICollectionViewCell+CollectionSwipableCellExtension.swift */ = {isa = PBXFileReference; fileEncoding = 4; lastKnownFileType = sourcecode.swift; path = "UICollectionViewCell+CollectionSwipableCellExtension.swift"; sourceTree = "<group>"; };
		9FF60FF52128A1300012BF53 /* CollectionSwipableCellOneButtonLayout.swift */ = {isa = PBXFileReference; fileEncoding = 4; lastKnownFileType = sourcecode.swift; path = CollectionSwipableCellOneButtonLayout.swift; sourceTree = "<group>"; };
		9FF60FF72128A1300012BF53 /* SwipableCollection.swift */ = {isa = PBXFileReference; fileEncoding = 4; lastKnownFileType = sourcecode.swift; path = SwipableCollection.swift; sourceTree = "<group>"; };
		9FF60FF82128A1300012BF53 /* SwipableUITableView.swift */ = {isa = PBXFileReference; fileEncoding = 4; lastKnownFileType = sourcecode.swift; path = SwipableUITableView.swift; sourceTree = "<group>"; };
		9FF60FF92128A1300012BF53 /* SwipableCellLayouter.swift */ = {isa = PBXFileReference; fileEncoding = 4; lastKnownFileType = sourcecode.swift; path = SwipableCellLayouter.swift; sourceTree = "<group>"; };
		9FF60FFA2128A1300012BF53 /* SwipableUICollectionView.swift */ = {isa = PBXFileReference; fileEncoding = 4; lastKnownFileType = sourcecode.swift; path = SwipableUICollectionView.swift; sourceTree = "<group>"; };
		9FF60FFB2128A1300012BF53 /* CollectionSwipableCellHandler.swift */ = {isa = PBXFileReference; fileEncoding = 4; lastKnownFileType = sourcecode.swift; path = CollectionSwipableCellHandler.swift; sourceTree = "<group>"; };
		D167DF153ED084467829D149 /* Pods_Wishlist.framework */ = {isa = PBXFileReference; explicitFileType = wrapper.framework; includeInIndex = 0; path = Pods_Wishlist.framework; sourceTree = BUILT_PRODUCTS_DIR; };
/* End PBXFileReference section */

/* Begin PBXFrameworksBuildPhase section */
		9F2E6EFB21136C6400441C1B /* Frameworks */ = {
			isa = PBXFrameworksBuildPhase;
			buildActionMask = 2147483647;
			files = (
				BE04A0B56455D80C54F05F7E /* Pods_Wishlist.framework in Frameworks */,
			);
			runOnlyForDeploymentPostprocessing = 0;
		};
		9F2E6F1121136C6600441C1B /* Frameworks */ = {
			isa = PBXFrameworksBuildPhase;
			buildActionMask = 2147483647;
			files = (
			);
			runOnlyForDeploymentPostprocessing = 0;
		};
		9F2E6F1C21136C6600441C1B /* Frameworks */ = {
			isa = PBXFrameworksBuildPhase;
			buildActionMask = 2147483647;
			files = (
			);
			runOnlyForDeploymentPostprocessing = 0;
		};
		9F7EDA372121DD5B00FFB014 /* Frameworks */ = {
			isa = PBXFrameworksBuildPhase;
			buildActionMask = 2147483647;
			files = (
			);
			runOnlyForDeploymentPostprocessing = 0;
		};
/* End PBXFrameworksBuildPhase section */

/* Begin PBXGroup section */
		7E83F38AC93CA9BCAC07FFEC /* Pods */ = {
			isa = PBXGroup;
			children = (
				73E68C71A127DEEA5C8DD170 /* Pods-Wishlist.debug.xcconfig */,
				058CB69EBCA240D763F1CE51 /* Pods-Wishlist.release.xcconfig */,
			);
			name = Pods;
			sourceTree = "<group>";
		};
		993762F087E8B2B3F3BC50EE /* Frameworks */ = {
			isa = PBXGroup;
			children = (
				D167DF153ED084467829D149 /* Pods_Wishlist.framework */,
			);
			name = Frameworks;
			sourceTree = "<group>";
		};
		9F2E6EF521136C6400441C1B = {
			isa = PBXGroup;
			children = (
				9F2E6F0021136C6400441C1B /* Wishlist */,
				9F2E6F1721136C6600441C1B /* WishlistTests */,
				9F2E6F2221136C6600441C1B /* WishlistUITests */,
				9F7EDA3B2121DD5B00FFB014 /* WishlistShare */,
				9F2E6EFF21136C6400441C1B /* Products */,
				7E83F38AC93CA9BCAC07FFEC /* Pods */,
				993762F087E8B2B3F3BC50EE /* Frameworks */,
			);
			sourceTree = "<group>";
		};
		9F2E6EFF21136C6400441C1B /* Products */ = {
			isa = PBXGroup;
			children = (
				9F2E6EFE21136C6400441C1B /* Wishlist.app */,
				9F2E6F1421136C6600441C1B /* WishlistTests.xctest */,
				9F2E6F1F21136C6600441C1B /* WishlistUITests.xctest */,
				9F7EDA3A2121DD5B00FFB014 /* WishlistShare.appex */,
			);
			name = Products;
			sourceTree = "<group>";
		};
		9F2E6F0021136C6400441C1B /* Wishlist */ = {
			isa = PBXGroup;
			children = (
				9F7EDA4A2121DDB900FFB014 /* Wishlist.entitlements */,
				9F7EDA4C2121EF0600FFB014 /* Utils */,
				9F7EDA192120B0AB00FFB014 /* Categories */,
				9F2E6F3621136DD300441C1B /* API */,
				9F2E6F3121136D7500441C1B /* List */,
				9F7EDA0D211DE1BC00FFB014 /* AppDetails */,
				9F2E6F0121136C6400441C1B /* AppDelegate.swift */,
				9F2E6F0721136C6400441C1B /* Main.storyboard */,
				9F2E6F0A21136C6600441C1B /* Assets.xcassets */,
				9F2E6F0C21136C6600441C1B /* LaunchScreen.storyboard */,
				9F2E6F0F21136C6600441C1B /* Info.plist */,
				9F7EDA12211DEAEB00FFB014 /* Images.xcassets */,
			);
			path = Wishlist;
			sourceTree = "<group>";
		};
		9F2E6F1721136C6600441C1B /* WishlistTests */ = {
			isa = PBXGroup;
			children = (
				9F2E6F1A21136C6600441C1B /* Info.plist */,
				9F7EDA502121F10600FFB014 /* AppIdExtractorTests.swift */,
			);
			path = WishlistTests;
			sourceTree = "<group>";
		};
		9F2E6F2221136C6600441C1B /* WishlistUITests */ = {
			isa = PBXGroup;
			children = (
				9F2E6F2321136C6600441C1B /* WishlistUITests.swift */,
				9F2E6F2521136C6600441C1B /* Info.plist */,
			);
			path = WishlistUITests;
			sourceTree = "<group>";
		};
		9F2E6F3121136D7500441C1B /* List */ = {
			isa = PBXGroup;
			children = (
				9F2E6F0321136C6400441C1B /* ListVC.swift */,
				9F2E6F3221136D9800441C1B /* ListCell.swift */,
				9F2E6F3321136D9800441C1B /* ListCell.xib */,
				9F2E7050211C971200441C1B /* AppListItem.swift */,
				9F16378E211C9BF30035A1AD /* AppsListPresenter.swift */,
			);
			path = List;
			sourceTree = "<group>";
		};
		9F2E6F3621136DD300441C1B /* API */ = {
			isa = PBXGroup;
			children = (
				9F163790211CA0790035A1AD /* AppInfoResponse.swift */,
				9F2E704E211C911F00441C1B /* AppInfo.swift */,
				9F2E704A211C838600441C1B /* AppInfoLoader.swift */,
			);
			path = API;
			sourceTree = "<group>";
		};
		9F7EDA0D211DE1BC00FFB014 /* AppDetails */ = {
			isa = PBXGroup;
			children = (
				9F7EDA0E211DE26100FFB014 /* AppDetailsVC.swift */,
				9F7EDA0F211DE26100FFB014 /* AppDetailsVC.xib */,
			);
			path = AppDetails;
			sourceTree = "<group>";
		};
		9F7EDA192120B0AB00FFB014 /* Categories */ = {
			isa = PBXGroup;
			children = (
				9F5CE12D2137230500F9B340 /* GradientView.swift */,
				9FB81B7A215FAAEF00E9DD1B /* StarsView.swift */,
			);
			path = Categories;
			sourceTree = "<group>";
		};
		9F7EDA3B2121DD5B00FFB014 /* WishlistShare */ = {
			isa = PBXGroup;
			children = (
				9F7EDA492121DD8A00FFB014 /* WishlistShare.entitlements */,
				9F7EDA3C2121DD5B00FFB014 /* ShareViewController.swift */,
				9F7EDA3E2121DD5B00FFB014 /* MainInterface.storyboard */,
				9F7EDA412121DD5B00FFB014 /* Info.plist */,
			);
			path = WishlistShare;
			sourceTree = "<group>";
		};
		9F7EDA4C2121EF0600FFB014 /* Utils */ = {
			isa = PBXGroup;
			children = (
				9FF60FF12128A1300012BF53 /* SwipableCell */,
				9F2E704C211C904400441C1B /* AppsKeeper.swift */,
				9F7EDA4D2121EF2600FFB014 /* AppIdExtractor.swift */,
				9F5F6696213450FF00755F6A /* PasteboardHandler.swift */,
			);
			path = Utils;
			sourceTree = "<group>";
		};
		9FF60FF12128A1300012BF53 /* SwipableCell */ = {
			isa = PBXGroup;
			children = (
				9FF60FF22128A1300012BF53 /* CollectionSwipableCellExtension.swift */,
				9FF60FF32128A1300012BF53 /* UITableViewCell+CollectionSwipableCellExtension.swift */,
				9FF60FF42128A1300012BF53 /* UICollectionViewCell+CollectionSwipableCellExtension.swift */,
				9FF60FF52128A1300012BF53 /* CollectionSwipableCellOneButtonLayout.swift */,
				9FF60FF62128A1300012BF53 /* Private */,
			);
			path = SwipableCell;
			sourceTree = "<group>";
		};
		9FF60FF62128A1300012BF53 /* Private */ = {
			isa = PBXGroup;
			children = (
				9FF60FF72128A1300012BF53 /* SwipableCollection.swift */,
				9FF60FF82128A1300012BF53 /* SwipableUITableView.swift */,
				9FF60FF92128A1300012BF53 /* SwipableCellLayouter.swift */,
				9FF60FFA2128A1300012BF53 /* SwipableUICollectionView.swift */,
				9FF60FFB2128A1300012BF53 /* CollectionSwipableCellHandler.swift */,
			);
			path = Private;
			sourceTree = "<group>";
		};
/* End PBXGroup section */

/* Begin PBXNativeTarget section */
		9F2E6EFD21136C6400441C1B /* Wishlist */ = {
			isa = PBXNativeTarget;
			buildConfigurationList = 9F2E6F2821136C6600441C1B /* Build configuration list for PBXNativeTarget "Wishlist" */;
			buildPhases = (
				ADFEBE707ED2D8DF706A8B39 /* [CP] Check Pods Manifest.lock */,
				9F2E6EFA21136C6400441C1B /* Sources */,
				9F2E6EFB21136C6400441C1B /* Frameworks */,
				9F2E6EFC21136C6400441C1B /* Resources */,
				797202B0A8B23BBCFB7FACF8 /* [CP] Embed Pods Frameworks */,
				9F7EDA482121DD5B00FFB014 /* Embed App Extensions */,
				9FB81B7C215FB92400E9DD1B /* Swiftlint */,
			);
			buildRules = (
			);
			dependencies = (
				9F7EDA432121DD5B00FFB014 /* PBXTargetDependency */,
			);
			name = Wishlist;
			productName = Wishlist;
			productReference = 9F2E6EFE21136C6400441C1B /* Wishlist.app */;
			productType = "com.apple.product-type.application";
		};
		9F2E6F1321136C6600441C1B /* WishlistTests */ = {
			isa = PBXNativeTarget;
			buildConfigurationList = 9F2E6F2B21136C6600441C1B /* Build configuration list for PBXNativeTarget "WishlistTests" */;
			buildPhases = (
				9F2E6F1021136C6600441C1B /* Sources */,
				9F2E6F1121136C6600441C1B /* Frameworks */,
				9F2E6F1221136C6600441C1B /* Resources */,
			);
			buildRules = (
			);
			dependencies = (
				9F2E6F1621136C6600441C1B /* PBXTargetDependency */,
			);
			name = WishlistTests;
			productName = WishlistTests;
			productReference = 9F2E6F1421136C6600441C1B /* WishlistTests.xctest */;
			productType = "com.apple.product-type.bundle.unit-test";
		};
		9F2E6F1E21136C6600441C1B /* WishlistUITests */ = {
			isa = PBXNativeTarget;
			buildConfigurationList = 9F2E6F2E21136C6600441C1B /* Build configuration list for PBXNativeTarget "WishlistUITests" */;
			buildPhases = (
				9F2E6F1B21136C6600441C1B /* Sources */,
				9F2E6F1C21136C6600441C1B /* Frameworks */,
				9F2E6F1D21136C6600441C1B /* Resources */,
			);
			buildRules = (
			);
			dependencies = (
				9F2E6F2121136C6600441C1B /* PBXTargetDependency */,
			);
			name = WishlistUITests;
			productName = WishlistUITests;
			productReference = 9F2E6F1F21136C6600441C1B /* WishlistUITests.xctest */;
			productType = "com.apple.product-type.bundle.ui-testing";
		};
		9F7EDA392121DD5B00FFB014 /* WishlistShare */ = {
			isa = PBXNativeTarget;
			buildConfigurationList = 9F7EDA472121DD5B00FFB014 /* Build configuration list for PBXNativeTarget "WishlistShare" */;
			buildPhases = (
				9F7EDA362121DD5B00FFB014 /* Sources */,
				9F7EDA372121DD5B00FFB014 /* Frameworks */,
				9F7EDA382121DD5B00FFB014 /* Resources */,
			);
			buildRules = (
			);
			dependencies = (
			);
			name = WishlistShare;
			productName = WishlistShare;
			productReference = 9F7EDA3A2121DD5B00FFB014 /* WishlistShare.appex */;
			productType = "com.apple.product-type.app-extension";
		};
/* End PBXNativeTarget section */

/* Begin PBXProject section */
		9F2E6EF621136C6400441C1B /* Project object */ = {
			isa = PBXProject;
			attributes = {
				LastSwiftUpdateCheck = 0940;
				LastUpgradeCheck = 0940;
				ORGANIZATIONNAME = "Anton Chebotov";
				TargetAttributes = {
					9F2E6EFD21136C6400441C1B = {
						CreatedOnToolsVersion = 9.4.1;
						SystemCapabilities = {
							com.apple.ApplicationGroups.iOS = {
								enabled = 1;
							};
						};
					};
					9F2E6F1321136C6600441C1B = {
						CreatedOnToolsVersion = 9.4.1;
						TestTargetID = 9F2E6EFD21136C6400441C1B;
					};
					9F2E6F1E21136C6600441C1B = {
						CreatedOnToolsVersion = 9.4.1;
						TestTargetID = 9F2E6EFD21136C6400441C1B;
					};
					9F7EDA392121DD5B00FFB014 = {
						CreatedOnToolsVersion = 9.4.1;
						SystemCapabilities = {
							com.apple.ApplicationGroups.iOS = {
								enabled = 1;
							};
						};
					};
				};
			};
			buildConfigurationList = 9F2E6EF921136C6400441C1B /* Build configuration list for PBXProject "Wishlist" */;
			compatibilityVersion = "Xcode 9.3";
			developmentRegion = en;
			hasScannedForEncodings = 0;
			knownRegions = (
				en,
				Base,
			);
			mainGroup = 9F2E6EF521136C6400441C1B;
			productRefGroup = 9F2E6EFF21136C6400441C1B /* Products */;
			projectDirPath = "";
			projectRoot = "";
			targets = (
				9F2E6EFD21136C6400441C1B /* Wishlist */,
				9F2E6F1321136C6600441C1B /* WishlistTests */,
				9F2E6F1E21136C6600441C1B /* WishlistUITests */,
				9F7EDA392121DD5B00FFB014 /* WishlistShare */,
			);
		};
/* End PBXProject section */

/* Begin PBXResourcesBuildPhase section */
		9F2E6EFC21136C6400441C1B /* Resources */ = {
			isa = PBXResourcesBuildPhase;
			buildActionMask = 2147483647;
			files = (
				9F2E6F0E21136C6600441C1B /* LaunchScreen.storyboard in Resources */,
				9F2E6F3521136D9800441C1B /* ListCell.xib in Resources */,
				9F2E6F0B21136C6600441C1B /* Assets.xcassets in Resources */,
				9F7EDA11211DE26100FFB014 /* AppDetailsVC.xib in Resources */,
				9F7EDA13211DEAEB00FFB014 /* Images.xcassets in Resources */,
				9F2E6F0921136C6400441C1B /* Main.storyboard in Resources */,
			);
			runOnlyForDeploymentPostprocessing = 0;
		};
		9F2E6F1221136C6600441C1B /* Resources */ = {
			isa = PBXResourcesBuildPhase;
			buildActionMask = 2147483647;
			files = (
			);
			runOnlyForDeploymentPostprocessing = 0;
		};
		9F2E6F1D21136C6600441C1B /* Resources */ = {
			isa = PBXResourcesBuildPhase;
			buildActionMask = 2147483647;
			files = (
			);
			runOnlyForDeploymentPostprocessing = 0;
		};
		9F7EDA382121DD5B00FFB014 /* Resources */ = {
			isa = PBXResourcesBuildPhase;
			buildActionMask = 2147483647;
			files = (
				9F7EDA402121DD5B00FFB014 /* MainInterface.storyboard in Resources */,
			);
			runOnlyForDeploymentPostprocessing = 0;
		};
/* End PBXResourcesBuildPhase section */

/* Begin PBXShellScriptBuildPhase section */
		797202B0A8B23BBCFB7FACF8 /* [CP] Embed Pods Frameworks */ = {
			isa = PBXShellScriptBuildPhase;
			buildActionMask = 2147483647;
			files = (
			);
			inputPaths = (
				"${SRCROOT}/Pods/Target Support Files/Pods-Wishlist/Pods-Wishlist-frameworks.sh",
				"${BUILT_PRODUCTS_DIR}/Alamofire/Alamofire.framework",
				"${BUILT_PRODUCTS_DIR}/AlamofireObjectMapper/AlamofireObjectMapper.framework",
				"${BUILT_PRODUCTS_DIR}/ObjectMapper/ObjectMapper.framework",
				"${BUILT_PRODUCTS_DIR}/PureLayout/PureLayout.framework",
				"${BUILT_PRODUCTS_DIR}/SDWebImage/SDWebImage.framework",
			);
			name = "[CP] Embed Pods Frameworks";
			outputPaths = (
				"${TARGET_BUILD_DIR}/${FRAMEWORKS_FOLDER_PATH}/Alamofire.framework",
				"${TARGET_BUILD_DIR}/${FRAMEWORKS_FOLDER_PATH}/AlamofireObjectMapper.framework",
				"${TARGET_BUILD_DIR}/${FRAMEWORKS_FOLDER_PATH}/ObjectMapper.framework",
				"${TARGET_BUILD_DIR}/${FRAMEWORKS_FOLDER_PATH}/PureLayout.framework",
				"${TARGET_BUILD_DIR}/${FRAMEWORKS_FOLDER_PATH}/SDWebImage.framework",
			);
			runOnlyForDeploymentPostprocessing = 0;
			shellPath = /bin/sh;
			shellScript = "\"${SRCROOT}/Pods/Target Support Files/Pods-Wishlist/Pods-Wishlist-frameworks.sh\"\n";
			showEnvVarsInLog = 0;
		};
		9FB81B7C215FB92400E9DD1B /* Swiftlint */ = {
			isa = PBXShellScriptBuildPhase;
			buildActionMask = 2147483647;
			files = (
			);
			inputFileListPaths = (
			);
			inputPaths = (
			);
			name = Swiftlint;
			outputFileListPaths = (
			);
			outputPaths = (
			);
			runOnlyForDeploymentPostprocessing = 0;
			shellPath = /bin/sh;
			shellScript = "if which swiftlint >/dev/null; then\nswiftlint\nelse\necho \"warning: SwiftLint not installed, download from https://github.com/realm/SwiftLint\"\nfi\n";
		};
		ADFEBE707ED2D8DF706A8B39 /* [CP] Check Pods Manifest.lock */ = {
			isa = PBXShellScriptBuildPhase;
			buildActionMask = 2147483647;
			files = (
			);
			inputPaths = (
				"${PODS_PODFILE_DIR_PATH}/Podfile.lock",
				"${PODS_ROOT}/Manifest.lock",
			);
			name = "[CP] Check Pods Manifest.lock";
			outputPaths = (
				"$(DERIVED_FILE_DIR)/Pods-Wishlist-checkManifestLockResult.txt",
			);
			runOnlyForDeploymentPostprocessing = 0;
			shellPath = /bin/sh;
			shellScript = "diff \"${PODS_PODFILE_DIR_PATH}/Podfile.lock\" \"${PODS_ROOT}/Manifest.lock\" > /dev/null\nif [ $? != 0 ] ; then\n    # print error to STDERR\n    echo \"error: The sandbox is not in sync with the Podfile.lock. Run 'pod install' or update your CocoaPods installation.\" >&2\n    exit 1\nfi\n# This output is used by Xcode 'outputs' to avoid re-running this script phase.\necho \"SUCCESS\" > \"${SCRIPT_OUTPUT_FILE_0}\"\n";
			showEnvVarsInLog = 0;
		};
/* End PBXShellScriptBuildPhase section */

/* Begin PBXSourcesBuildPhase section */
		9F2E6EFA21136C6400441C1B /* Sources */ = {
			isa = PBXSourcesBuildPhase;
			buildActionMask = 2147483647;
			files = (
				9F5CE12E2137230500F9B340 /* GradientView.swift in Sources */,
				9FF60FFE2128A1300012BF53 /* UICollectionViewCell+CollectionSwipableCellExtension.swift in Sources */,
				9F7EDA10211DE26100FFB014 /* AppDetailsVC.swift in Sources */,
				9F2E7051211C971200441C1B /* AppListItem.swift in Sources */,
				9FF610042128A1300012BF53 /* CollectionSwipableCellHandler.swift in Sources */,
				9F16378F211C9BF30035A1AD /* AppsListPresenter.swift in Sources */,
				9FF610032128A1300012BF53 /* SwipableUICollectionView.swift in Sources */,
				9FF60FFF2128A1300012BF53 /* CollectionSwipableCellOneButtonLayout.swift in Sources */,
				9FF610012128A1300012BF53 /* SwipableUITableView.swift in Sources */,
				9FF60FFD2128A1300012BF53 /* UITableViewCell+CollectionSwipableCellExtension.swift in Sources */,
				9F2E6F3421136D9800441C1B /* ListCell.swift in Sources */,
				9FF610002128A1300012BF53 /* SwipableCollection.swift in Sources */,
				9FF60FFC2128A1300012BF53 /* CollectionSwipableCellExtension.swift in Sources */,
				9F2E6F0221136C6400441C1B /* AppDelegate.swift in Sources */,
				9FB81B7B215FAAEF00E9DD1B /* StarsView.swift in Sources */,
				9FF610022128A1300012BF53 /* SwipableCellLayouter.swift in Sources */,
				9F2E704D211C904400441C1B /* AppsKeeper.swift in Sources */,
				9F163791211CA0790035A1AD /* AppInfoResponse.swift in Sources */,
				9F2E6F0421136C6400441C1B /* ListVC.swift in Sources */,
				9F7EDA4E2121EF2600FFB014 /* AppIdExtractor.swift in Sources */,
				9F5F6697213450FF00755F6A /* PasteboardHandler.swift in Sources */,
				9F2E704B211C838600441C1B /* AppInfoLoader.swift in Sources */,
				9F2E704F211C911F00441C1B /* AppInfo.swift in Sources */,
			);
			runOnlyForDeploymentPostprocessing = 0;
		};
		9F2E6F1021136C6600441C1B /* Sources */ = {
			isa = PBXSourcesBuildPhase;
			buildActionMask = 2147483647;
			files = (
				9F7EDA512121F10600FFB014 /* AppIdExtractorTests.swift in Sources */,
			);
			runOnlyForDeploymentPostprocessing = 0;
		};
		9F2E6F1B21136C6600441C1B /* Sources */ = {
			isa = PBXSourcesBuildPhase;
			buildActionMask = 2147483647;
			files = (
				9F2E6F2421136C6600441C1B /* WishlistUITests.swift in Sources */,
			);
			runOnlyForDeploymentPostprocessing = 0;
		};
		9F7EDA362121DD5B00FFB014 /* Sources */ = {
			isa = PBXSourcesBuildPhase;
			buildActionMask = 2147483647;
			files = (
				9F7EDA4F2121EF2600FFB014 /* AppIdExtractor.swift in Sources */,
				9F7EDA3D2121DD5B00FFB014 /* ShareViewController.swift in Sources */,
				9F7EDA4B2121E81500FFB014 /* AppsKeeper.swift in Sources */,
			);
			runOnlyForDeploymentPostprocessing = 0;
		};
/* End PBXSourcesBuildPhase section */

/* Begin PBXTargetDependency section */
		9F2E6F1621136C6600441C1B /* PBXTargetDependency */ = {
			isa = PBXTargetDependency;
			target = 9F2E6EFD21136C6400441C1B /* Wishlist */;
			targetProxy = 9F2E6F1521136C6600441C1B /* PBXContainerItemProxy */;
		};
		9F2E6F2121136C6600441C1B /* PBXTargetDependency */ = {
			isa = PBXTargetDependency;
			target = 9F2E6EFD21136C6400441C1B /* Wishlist */;
			targetProxy = 9F2E6F2021136C6600441C1B /* PBXContainerItemProxy */;
		};
		9F7EDA432121DD5B00FFB014 /* PBXTargetDependency */ = {
			isa = PBXTargetDependency;
			target = 9F7EDA392121DD5B00FFB014 /* WishlistShare */;
			targetProxy = 9F7EDA422121DD5B00FFB014 /* PBXContainerItemProxy */;
		};
/* End PBXTargetDependency section */

/* Begin PBXVariantGroup section */
		9F2E6F0721136C6400441C1B /* Main.storyboard */ = {
			isa = PBXVariantGroup;
			children = (
				9F2E6F0821136C6400441C1B /* Base */,
			);
			name = Main.storyboard;
			sourceTree = "<group>";
		};
		9F2E6F0C21136C6600441C1B /* LaunchScreen.storyboard */ = {
			isa = PBXVariantGroup;
			children = (
				9F2E6F0D21136C6600441C1B /* Base */,
			);
			name = LaunchScreen.storyboard;
			sourceTree = "<group>";
		};
		9F7EDA3E2121DD5B00FFB014 /* MainInterface.storyboard */ = {
			isa = PBXVariantGroup;
			children = (
				9F7EDA3F2121DD5B00FFB014 /* Base */,
			);
			name = MainInterface.storyboard;
			sourceTree = "<group>";
		};
/* End PBXVariantGroup section */

/* Begin XCBuildConfiguration section */
		9F2E6F2621136C6600441C1B /* Debug */ = {
			isa = XCBuildConfiguration;
			buildSettings = {
				ALWAYS_SEARCH_USER_PATHS = NO;
				CLANG_ANALYZER_NONNULL = YES;
				CLANG_ANALYZER_NUMBER_OBJECT_CONVERSION = YES_AGGRESSIVE;
				CLANG_CXX_LANGUAGE_STANDARD = "gnu++14";
				CLANG_CXX_LIBRARY = "libc++";
				CLANG_ENABLE_MODULES = YES;
				CLANG_ENABLE_OBJC_ARC = YES;
				CLANG_ENABLE_OBJC_WEAK = YES;
				CLANG_WARN_BLOCK_CAPTURE_AUTORELEASING = YES;
				CLANG_WARN_BOOL_CONVERSION = YES;
				CLANG_WARN_COMMA = YES;
				CLANG_WARN_CONSTANT_CONVERSION = YES;
				CLANG_WARN_DEPRECATED_OBJC_IMPLEMENTATIONS = YES;
				CLANG_WARN_DIRECT_OBJC_ISA_USAGE = YES_ERROR;
				CLANG_WARN_DOCUMENTATION_COMMENTS = YES;
				CLANG_WARN_EMPTY_BODY = YES;
				CLANG_WARN_ENUM_CONVERSION = YES;
				CLANG_WARN_INFINITE_RECURSION = YES;
				CLANG_WARN_INT_CONVERSION = YES;
				CLANG_WARN_NON_LITERAL_NULL_CONVERSION = YES;
				CLANG_WARN_OBJC_IMPLICIT_RETAIN_SELF = YES;
				CLANG_WARN_OBJC_LITERAL_CONVERSION = YES;
				CLANG_WARN_OBJC_ROOT_CLASS = YES_ERROR;
				CLANG_WARN_RANGE_LOOP_ANALYSIS = YES;
				CLANG_WARN_STRICT_PROTOTYPES = YES;
				CLANG_WARN_SUSPICIOUS_MOVE = YES;
				CLANG_WARN_UNGUARDED_AVAILABILITY = YES_AGGRESSIVE;
				CLANG_WARN_UNREACHABLE_CODE = YES;
				CLANG_WARN__DUPLICATE_METHOD_MATCH = YES;
				CODE_SIGN_IDENTITY = "iPhone Developer";
				COPY_PHASE_STRIP = NO;
				DEBUG_INFORMATION_FORMAT = dwarf;
				ENABLE_STRICT_OBJC_MSGSEND = YES;
				ENABLE_TESTABILITY = YES;
				GCC_C_LANGUAGE_STANDARD = gnu11;
				GCC_DYNAMIC_NO_PIC = NO;
				GCC_NO_COMMON_BLOCKS = YES;
				GCC_OPTIMIZATION_LEVEL = 0;
				GCC_PREPROCESSOR_DEFINITIONS = (
					"DEBUG=1",
					"$(inherited)",
				);
				GCC_WARN_64_TO_32_BIT_CONVERSION = YES;
				GCC_WARN_ABOUT_RETURN_TYPE = YES_ERROR;
				GCC_WARN_UNDECLARED_SELECTOR = YES;
				GCC_WARN_UNINITIALIZED_AUTOS = YES_AGGRESSIVE;
				GCC_WARN_UNUSED_FUNCTION = YES;
				GCC_WARN_UNUSED_VARIABLE = YES;
				IPHONEOS_DEPLOYMENT_TARGET = 11.4;
				MTL_ENABLE_DEBUG_INFO = YES;
				ONLY_ACTIVE_ARCH = YES;
				SDKROOT = iphoneos;
				SWIFT_ACTIVE_COMPILATION_CONDITIONS = DEBUG;
				SWIFT_OPTIMIZATION_LEVEL = "-Onone";
			};
			name = Debug;
		};
		9F2E6F2721136C6600441C1B /* Release */ = {
			isa = XCBuildConfiguration;
			buildSettings = {
				ALWAYS_SEARCH_USER_PATHS = NO;
				CLANG_ANALYZER_NONNULL = YES;
				CLANG_ANALYZER_NUMBER_OBJECT_CONVERSION = YES_AGGRESSIVE;
				CLANG_CXX_LANGUAGE_STANDARD = "gnu++14";
				CLANG_CXX_LIBRARY = "libc++";
				CLANG_ENABLE_MODULES = YES;
				CLANG_ENABLE_OBJC_ARC = YES;
				CLANG_ENABLE_OBJC_WEAK = YES;
				CLANG_WARN_BLOCK_CAPTURE_AUTORELEASING = YES;
				CLANG_WARN_BOOL_CONVERSION = YES;
				CLANG_WARN_COMMA = YES;
				CLANG_WARN_CONSTANT_CONVERSION = YES;
				CLANG_WARN_DEPRECATED_OBJC_IMPLEMENTATIONS = YES;
				CLANG_WARN_DIRECT_OBJC_ISA_USAGE = YES_ERROR;
				CLANG_WARN_DOCUMENTATION_COMMENTS = YES;
				CLANG_WARN_EMPTY_BODY = YES;
				CLANG_WARN_ENUM_CONVERSION = YES;
				CLANG_WARN_INFINITE_RECURSION = YES;
				CLANG_WARN_INT_CONVERSION = YES;
				CLANG_WARN_NON_LITERAL_NULL_CONVERSION = YES;
				CLANG_WARN_OBJC_IMPLICIT_RETAIN_SELF = YES;
				CLANG_WARN_OBJC_LITERAL_CONVERSION = YES;
				CLANG_WARN_OBJC_ROOT_CLASS = YES_ERROR;
				CLANG_WARN_RANGE_LOOP_ANALYSIS = YES;
				CLANG_WARN_STRICT_PROTOTYPES = YES;
				CLANG_WARN_SUSPICIOUS_MOVE = YES;
				CLANG_WARN_UNGUARDED_AVAILABILITY = YES_AGGRESSIVE;
				CLANG_WARN_UNREACHABLE_CODE = YES;
				CLANG_WARN__DUPLICATE_METHOD_MATCH = YES;
				CODE_SIGN_IDENTITY = "iPhone Developer";
				COPY_PHASE_STRIP = NO;
				DEBUG_INFORMATION_FORMAT = "dwarf-with-dsym";
				ENABLE_NS_ASSERTIONS = NO;
				ENABLE_STRICT_OBJC_MSGSEND = YES;
				GCC_C_LANGUAGE_STANDARD = gnu11;
				GCC_NO_COMMON_BLOCKS = YES;
				GCC_WARN_64_TO_32_BIT_CONVERSION = YES;
				GCC_WARN_ABOUT_RETURN_TYPE = YES_ERROR;
				GCC_WARN_UNDECLARED_SELECTOR = YES;
				GCC_WARN_UNINITIALIZED_AUTOS = YES_AGGRESSIVE;
				GCC_WARN_UNUSED_FUNCTION = YES;
				GCC_WARN_UNUSED_VARIABLE = YES;
				IPHONEOS_DEPLOYMENT_TARGET = 11.4;
				MTL_ENABLE_DEBUG_INFO = NO;
				SDKROOT = iphoneos;
				SWIFT_COMPILATION_MODE = wholemodule;
				SWIFT_OPTIMIZATION_LEVEL = "-O";
				VALIDATE_PRODUCT = YES;
			};
			name = Release;
		};
		9F2E6F2921136C6600441C1B /* Debug */ = {
			isa = XCBuildConfiguration;
			baseConfigurationReference = 73E68C71A127DEEA5C8DD170 /* Pods-Wishlist.debug.xcconfig */;
			buildSettings = {
				ALWAYS_EMBED_SWIFT_STANDARD_LIBRARIES = YES;
				ASSETCATALOG_COMPILER_APPICON_NAME = AppIcon;
				CODE_SIGN_ENTITLEMENTS = Wishlist/Wishlist.entitlements;
				CODE_SIGN_STYLE = Automatic;
				DEVELOPMENT_TEAM = 64AA6VGY67;
				INFOPLIST_FILE = Wishlist/Info.plist;
				IPHONEOS_DEPLOYMENT_TARGET = 11.0;
				LD_RUNPATH_SEARCH_PATHS = (
					"$(inherited)",
					"@executable_path/Frameworks",
				);
				PRODUCT_BUNDLE_IDENTIFIER = Chebotov.Wishlist;
				PRODUCT_NAME = "$(TARGET_NAME)";
				SWIFT_VERSION = 4.0;
				TARGETED_DEVICE_FAMILY = "1,2";
			};
			name = Debug;
		};
		9F2E6F2A21136C6600441C1B /* Release */ = {
			isa = XCBuildConfiguration;
			baseConfigurationReference = 058CB69EBCA240D763F1CE51 /* Pods-Wishlist.release.xcconfig */;
			buildSettings = {
				ALWAYS_EMBED_SWIFT_STANDARD_LIBRARIES = YES;
				ASSETCATALOG_COMPILER_APPICON_NAME = AppIcon;
				CODE_SIGN_ENTITLEMENTS = Wishlist/Wishlist.entitlements;
				CODE_SIGN_STYLE = Automatic;
				DEVELOPMENT_TEAM = 64AA6VGY67;
				INFOPLIST_FILE = Wishlist/Info.plist;
				IPHONEOS_DEPLOYMENT_TARGET = 11.0;
				LD_RUNPATH_SEARCH_PATHS = (
					"$(inherited)",
					"@executable_path/Frameworks",
				);
				PRODUCT_BUNDLE_IDENTIFIER = Chebotov.Wishlist;
				PRODUCT_NAME = "$(TARGET_NAME)";
				SWIFT_VERSION = 4.0;
				TARGETED_DEVICE_FAMILY = "1,2";
			};
			name = Release;
		};
		9F2E6F2C21136C6600441C1B /* Debug */ = {
			isa = XCBuildConfiguration;
			buildSettings = {
				ALWAYS_EMBED_SWIFT_STANDARD_LIBRARIES = YES;
				BUNDLE_LOADER = "$(TEST_HOST)";
				CODE_SIGN_STYLE = Automatic;
				DEVELOPMENT_TEAM = 64AA6VGY67;
				INFOPLIST_FILE = WishlistTests/Info.plist;
				LD_RUNPATH_SEARCH_PATHS = (
					"$(inherited)",
					"@executable_path/Frameworks",
					"@loader_path/Frameworks",
				);
				PRODUCT_BUNDLE_IDENTIFIER = Chebotov.WishlistTests;
				PRODUCT_NAME = "$(TARGET_NAME)";
				SWIFT_VERSION = 4.0;
				TARGETED_DEVICE_FAMILY = "1,2";
				TEST_HOST = "$(BUILT_PRODUCTS_DIR)/Wishlist.app/Wishlist";
			};
			name = Debug;
		};
		9F2E6F2D21136C6600441C1B /* Release */ = {
			isa = XCBuildConfiguration;
			buildSettings = {
				ALWAYS_EMBED_SWIFT_STANDARD_LIBRARIES = YES;
				BUNDLE_LOADER = "$(TEST_HOST)";
				CODE_SIGN_STYLE = Automatic;
				DEVELOPMENT_TEAM = 64AA6VGY67;
				INFOPLIST_FILE = WishlistTests/Info.plist;
				LD_RUNPATH_SEARCH_PATHS = (
					"$(inherited)",
					"@executable_path/Frameworks",
					"@loader_path/Frameworks",
				);
				PRODUCT_BUNDLE_IDENTIFIER = Chebotov.WishlistTests;
				PRODUCT_NAME = "$(TARGET_NAME)";
				SWIFT_VERSION = 4.0;
				TARGETED_DEVICE_FAMILY = "1,2";
				TEST_HOST = "$(BUILT_PRODUCTS_DIR)/Wishlist.app/Wishlist";
			};
			name = Release;
		};
		9F2E6F2F21136C6600441C1B /* Debug */ = {
			isa = XCBuildConfiguration;
			buildSettings = {
				ALWAYS_EMBED_SWIFT_STANDARD_LIBRARIES = YES;
				CODE_SIGN_STYLE = Automatic;
				DEVELOPMENT_TEAM = 64AA6VGY67;
				INFOPLIST_FILE = WishlistUITests/Info.plist;
				LD_RUNPATH_SEARCH_PATHS = (
					"$(inherited)",
					"@executable_path/Frameworks",
					"@loader_path/Frameworks",
				);
				PRODUCT_BUNDLE_IDENTIFIER = Chebotov.WishlistUITests;
				PRODUCT_NAME = "$(TARGET_NAME)";
				SWIFT_VERSION = 4.0;
				TARGETED_DEVICE_FAMILY = "1,2";
				TEST_TARGET_NAME = Wishlist;
			};
			name = Debug;
		};
		9F2E6F3021136C6600441C1B /* Release */ = {
			isa = XCBuildConfiguration;
			buildSettings = {
				ALWAYS_EMBED_SWIFT_STANDARD_LIBRARIES = YES;
				CODE_SIGN_STYLE = Automatic;
				DEVELOPMENT_TEAM = 64AA6VGY67;
				INFOPLIST_FILE = WishlistUITests/Info.plist;
				LD_RUNPATH_SEARCH_PATHS = (
					"$(inherited)",
					"@executable_path/Frameworks",
					"@loader_path/Frameworks",
				);
				PRODUCT_BUNDLE_IDENTIFIER = Chebotov.WishlistUITests;
				PRODUCT_NAME = "$(TARGET_NAME)";
				SWIFT_VERSION = 4.0;
				TARGETED_DEVICE_FAMILY = "1,2";
				TEST_TARGET_NAME = Wishlist;
			};
			name = Release;
		};
		9F7EDA452121DD5B00FFB014 /* Debug */ = {
			isa = XCBuildConfiguration;
			buildSettings = {
				CODE_SIGN_ENTITLEMENTS = WishlistShare/WishlistShare.entitlements;
				CODE_SIGN_STYLE = Automatic;
				DEVELOPMENT_TEAM = 64AA6VGY67;
				INFOPLIST_FILE = WishlistShare/Info.plist;
				LD_RUNPATH_SEARCH_PATHS = (
					"$(inherited)",
					"@executable_path/Frameworks",
					"@executable_path/../../Frameworks",
				);
				PRODUCT_BUNDLE_IDENTIFIER = Chebotov.Wishlist.WishlistShare;
				PRODUCT_NAME = "$(TARGET_NAME)";
				SKIP_INSTALL = YES;
				SWIFT_VERSION = 4.0;
				TARGETED_DEVICE_FAMILY = "1,2";
			};
			name = Debug;
		};
		9F7EDA462121DD5B00FFB014 /* Release */ = {
			isa = XCBuildConfiguration;
			buildSettings = {
				CODE_SIGN_ENTITLEMENTS = WishlistShare/WishlistShare.entitlements;
				CODE_SIGN_STYLE = Automatic;
				DEVELOPMENT_TEAM = 64AA6VGY67;
				INFOPLIST_FILE = WishlistShare/Info.plist;
				LD_RUNPATH_SEARCH_PATHS = (
					"$(inherited)",
					"@executable_path/Frameworks",
					"@executable_path/../../Frameworks",
				);
				PRODUCT_BUNDLE_IDENTIFIER = Chebotov.Wishlist.WishlistShare;
				PRODUCT_NAME = "$(TARGET_NAME)";
				SKIP_INSTALL = YES;
				SWIFT_VERSION = 4.0;
				TARGETED_DEVICE_FAMILY = "1,2";
			};
			name = Release;
		};
/* End XCBuildConfiguration section */

/* Begin XCConfigurationList section */
		9F2E6EF921136C6400441C1B /* Build configuration list for PBXProject "Wishlist" */ = {
			isa = XCConfigurationList;
			buildConfigurations = (
				9F2E6F2621136C6600441C1B /* Debug */,
				9F2E6F2721136C6600441C1B /* Release */,
			);
			defaultConfigurationIsVisible = 0;
			defaultConfigurationName = Release;
		};
		9F2E6F2821136C6600441C1B /* Build configuration list for PBXNativeTarget "Wishlist" */ = {
			isa = XCConfigurationList;
			buildConfigurations = (
				9F2E6F2921136C6600441C1B /* Debug */,
				9F2E6F2A21136C6600441C1B /* Release */,
			);
			defaultConfigurationIsVisible = 0;
			defaultConfigurationName = Release;
		};
		9F2E6F2B21136C6600441C1B /* Build configuration list for PBXNativeTarget "WishlistTests" */ = {
			isa = XCConfigurationList;
			buildConfigurations = (
				9F2E6F2C21136C6600441C1B /* Debug */,
				9F2E6F2D21136C6600441C1B /* Release */,
			);
			defaultConfigurationIsVisible = 0;
			defaultConfigurationName = Release;
		};
		9F2E6F2E21136C6600441C1B /* Build configuration list for PBXNativeTarget "WishlistUITests" */ = {
			isa = XCConfigurationList;
			buildConfigurations = (
				9F2E6F2F21136C6600441C1B /* Debug */,
				9F2E6F3021136C6600441C1B /* Release */,
			);
			defaultConfigurationIsVisible = 0;
			defaultConfigurationName = Release;
		};
		9F7EDA472121DD5B00FFB014 /* Build configuration list for PBXNativeTarget "WishlistShare" */ = {
			isa = XCConfigurationList;
			buildConfigurations = (
				9F7EDA452121DD5B00FFB014 /* Debug */,
				9F7EDA462121DD5B00FFB014 /* Release */,
			);
			defaultConfigurationIsVisible = 0;
			defaultConfigurationName = Release;
		};
/* End XCConfigurationList section */
	};
	rootObject = 9F2E6EF621136C6400441C1B /* Project object */;
}
